<?xml version="1.0" encoding="utf-8"?>
<Project ToolsVersion="4.0" xmlns="http://schemas.microsoft.com/developer/msbuild/2003">
  <ItemGroup>
    <Filter Include="ソース ファイル">
      <UniqueIdentifier>{4FC737F1-C7A5-4376-A066-2A32D752A2FF}</UniqueIdentifier>
      <Extensions>cpp;c;cc;cxx;c++;cppm;ixx;def;odl;idl;hpj;bat;asm;asmx</Extensions>
    </Filter>
    <Filter Include="ヘッダー ファイル">
      <UniqueIdentifier>{93995380-89BD-4b04-88EB-625FBE52EBFB}</UniqueIdentifier>
      <Extensions>h;hh;hpp;hxx;h++;hm;inl;inc;ipp;xsd</Extensions>
    </Filter>
    <Filter Include="リソース ファイル">
      <UniqueIdentifier>{67DA6AB6-F800-4c08-8B7A-83BB121AAD01}</UniqueIdentifier>
      <Extensions>rc;ico;cur;bmp;dlg;rc2;rct;bin;rgs;gif;jpg;jpeg;jpe;resx;tiff;tif;png;wav;mfcribbon-ms</Extensions>
    </Filter>
    <Filter Include="ソース ファイル\blake3">
      <UniqueIdentifier>{f8e04432-ac2d-4fb7-86c5-ecfd5d89c909}</UniqueIdentifier>
    </Filter>
    <Filter Include="ヘッダー ファイル\blake3">
      <UniqueIdentifier>{4d183ad8-05e1-45ae-983b-837f0437b8e4}</UniqueIdentifier>
    </Filter>
  </ItemGroup>
  <ItemGroup>
    <ClCompile Include="common.c">
      <Filter>ソース ファイル</Filter>
    </ClCompile>
    <ClCompile Include="libpar3.c">
      <Filter>ソース ファイル</Filter>
    </ClCompile>
    <ClCompile Include="main.c">
      <Filter>ソース ファイル</Filter>
    </ClCompile>
    <ClCompile Include="blake3\blake3.c">
      <Filter>ソース ファイル\blake3</Filter>
    </ClCompile>
    <ClCompile Include="blake3\blake3_portable.c">
      <Filter>ソース ファイル\blake3</Filter>
    </ClCompile>
    <ClCompile Include="hash.c">
      <Filter>ソース ファイル</Filter>
    </ClCompile>
    <ClCompile Include="map.c">
      <Filter>ソース ファイル</Filter>
    </ClCompile>
    <ClCompile Include="packet_make.c">
      <Filter>ソース ファイル</Filter>
    </ClCompile>
    <ClCompile Include="write.c">
      <Filter>ソース ファイル</Filter>
    </ClCompile>
    <ClCompile Include="map_slide.c">
      <Filter>ソース ファイル</Filter>
    </ClCompile>
    <ClCompile Include="map_simple.c">
      <Filter>ソース ファイル</Filter>
    </ClCompile>
    <ClCompile Include="write_trial.c">
      <Filter>ソース ファイル</Filter>
    </ClCompile>
    <ClCompile Include="read.c">
      <Filter>ソース ファイル</Filter>
    </ClCompile>
    <ClCompile Include="packet_add.c">
      <Filter>ソース ファイル</Filter>
    </ClCompile>
    <ClCompile Include="packet_parse.c">
      <Filter>ソース ファイル</Filter>
    </ClCompile>
    <ClCompile Include="block_map.c">
      <Filter>ソース ファイル</Filter>
    </ClCompile>
    <ClCompile Include="verify.c">
      <Filter>ソース ファイル</Filter>
    </ClCompile>
    <ClCompile Include="verify_check.c">
      <Filter>ソース ファイル</Filter>
    </ClCompile>
    <ClCompile Include="libpar3_create.c">
      <Filter>ソース ファイル</Filter>
    </ClCompile>
    <ClCompile Include="libpar3_verify.c">
      <Filter>ソース ファイル</Filter>
    </ClCompile>
    <ClCompile Include="block_check.c">
      <Filter>ソース ファイル</Filter>
    </ClCompile>
    <ClCompile Include="galois8.c">
      <Filter>ソース ファイル</Filter>
    </ClCompile>
    <ClCompile Include="block_create.c">
      <Filter>ソース ファイル</Filter>
    </ClCompile>
    <ClCompile Include="reedsolomon.c">
      <Filter>ソース ファイル</Filter>
    </ClCompile>
    <ClCompile Include="repair.c">
      <Filter>ソース ファイル</Filter>
    </ClCompile>
    <ClCompile Include="reedsolomon8.c">
      <Filter>ソース ファイル</Filter>
    </ClCompile>
    <ClCompile Include="block_recover.c">
      <Filter>ソース ファイル</Filter>
    </ClCompile>
    <ClCompile Include="galois16.c">
      <Filter>ソース ファイル</Filter>
    </ClCompile>
    <ClCompile Include="reedsolomon16.c">
      <Filter>ソース ファイル</Filter>
    </ClCompile>
  </ItemGroup>
  <ItemGroup>
    <ClInclude Include="libpar3.h">
      <Filter>ヘッダー ファイル</Filter>
    </ClInclude>
    <ClInclude Include="common.h">
      <Filter>ヘッダー ファイル</Filter>
    </ClInclude>
    <ClInclude Include="blake3\blake3.h">
      <Filter>ヘッダー ファイル\blake3</Filter>
    </ClInclude>
    <ClInclude Include="blake3\blake3_impl.h">
      <Filter>ヘッダー ファイル\blake3</Filter>
    </ClInclude>
    <ClInclude Include="hash.h">
      <Filter>ヘッダー ファイル</Filter>
    </ClInclude>
    <ClInclude Include="map.h">
      <Filter>ヘッダー ファイル</Filter>
    </ClInclude>
    <ClInclude Include="packet.h">
      <Filter>ヘッダー ファイル</Filter>
    </ClInclude>
    <ClInclude Include="write.h">
      <Filter>ヘッダー ファイル</Filter>
    </ClInclude>
    <ClInclude Include="read.h">
      <Filter>ヘッダー ファイル</Filter>
    </ClInclude>
    <ClInclude Include="block.h">
      <Filter>ヘッダー ファイル</Filter>
    </ClInclude>
    <ClInclude Include="verify.h">
      <Filter>ヘッダー ファイル</Filter>
    </ClInclude>
    <ClInclude Include="reedsolomon.h">
      <Filter>ヘッダー ファイル</Filter>
    </ClInclude>
    <ClInclude Include="repair.h">
      <Filter>ヘッダー ファイル</Filter>
    </ClInclude>
  </ItemGroup>
</Project>